# This file was autogenerated by Stack.
# You should not edit this file by hand.
# For more information, please see the documentation at:
#   https://docs.haskellstack.org/en/stable/lock_files

packages:
- completed:
    hackage: proteaaudio-0.7.1.0@sha256:926a4437d239d453fc629c33ab5512211a6e6fe300c2f86efc6238ac1d587aa1,2598
    pantry-tree:
      size: 1877
      sha256: f6ba68f00b35abf46be7556ed78038ca772368a5445ac8176ef81fff4c965fbf
  original:
    hackage: proteaaudio-0.7.1.0
- completed:
    hackage: conduit-1.2.13.1@sha256:afd4db7fe66ae7af3d418e1a932384a8dee08df2f6299cca80e53ba964ce1228,4371
    pantry-tree:
      size: 1191
      sha256: c24b0058c187a98780d227072cb701efeca1571c1c88ca331e53799cc3d051fb
  original:
    hackage: conduit-1.2.13.1
- completed:
    hackage: conduit-extra-1.1.17@sha256:dfa0d00dc11a8a4c3fdff15374c378ee34c25a2255b52194aa1ea3c1f1a63fd7,4521
    pantry-tree:
      size: 2247
      sha256: 2ba7cbdb0fcc7aee0d074ab8a721adf8d39d341164704241debf9ca19ebb6946
  original:
    hackage: conduit-extra-1.1.17
- completed:
    hackage: resourcet-1.1.11@sha256:096a3db6774a728bbe264e3e25c4e40d60e527ebd4b90c0b311deaa8d4cf4f27,1976
    pantry-tree:
      size: 647
      sha256: 90955fbe978b95e7a2e1067a7c475f1918b98ba77f80fd0953225d0dd2086ee0
  original:
    hackage: resourcet-1.1.11
- completed:
    hackage: streaming-commons-0.1.19@sha256:3a02f84578f75eac1425dca877f8d697b68d379a21970c1dad96196620404803,5262
    pantry-tree:
      size: 3544
      sha256: 1a064ebd5371903f8192e0486fa1aff8030acac4e5145088106456c71ef91f2b
  original:
    hackage: streaming-commons-0.1.19
snapshots:
- completed:
    size: 524789
    url: https://raw.githubusercontent.com/commercialhaskell/stackage-snapshots/master/lts/14/9.yaml
    sha256: 8af5eb80734f02621d37e82cc0cde614af2ddc9c320610acb0b1b6d9ac162930
  original: lts-14.9
